
Microsoft Visual Studio Solution File, Format Version 12.00
# Visual Studio Version 17
VisualStudioVersion = 17.8.34511.84
MinimumVisualStudioVersion = 10.0.40219.1
Project("{8BC9CEB8-8B4A-11D0-8D11-00A0C91BC942}") = "Operators", "Operators\Operators.vcxproj", "{E47DC81D-57EB-43E4-9EFB-4C3D28B4A1B5}"
EndProject
Project("{8BC9CEB8-8B4A-11D0-8D11-00A0C91BC942}") = "Arrays", "Arrays\Arrays.vcxproj", "{390D92FC-CA50-4461-81F7-BBADD22E9CC2}"
EndProject
Project("{8BC9CEB8-8B4A-11D0-8D11-00A0C91BC942}") = "ArrayCombat", "ArrayCombat\ArrayCombat.vcxproj", "{27D88579-F3DF-4051-AD10-11784414D88B}"
EndProject
Project("{8BC9CEB8-8B4A-11D0-8D11-00A0C91BC942}") = "Strings", "Strings\Strings.vcxproj", "{7B17D150-2B18-44E7-8D09-E1DF3A834FD3}"
EndProject
Project("{8BC9CEB8-8B4A-11D0-8D11-00A0C91BC942}") = "Constants", "Constants\Constants.vcxproj", "{2D13FA6B-9F01-4CCF-8512-A448A47E9B93}"
EndProject
Project("{8BC9CEB8-8B4A-11D0-8D11-00A0C91BC942}") = "LoginTest", "LoginTest\LoginTest.vcxproj", "{B146E986-18AF-4047-BAAC-AADF58C1A2D6}"
EndProject
Global
	GlobalSection(SolutionConfigurationPlatforms) = preSolution
		Debug|x64 = Debug|x64
		Debug|x86 = Debug|x86
		Release|x64 = Release|x64
		Release|x86 = Release|x86
	EndGlobalSection
	GlobalSection(ProjectConfigurationPlatforms) = postSolution
		{E47DC81D-57EB-43E4-9EFB-4C3D28B4A1B5}.Debug|x64.ActiveCfg = Debug|x64
		{E47DC81D-57EB-43E4-9EFB-4C3D28B4A1B5}.Debug|x64.Build.0 = Debug|x64
		{E47DC81D-57EB-43E4-9EFB-4C3D28B4A1B5}.Debug|x86.ActiveCfg = Debug|Win32
		{E47DC81D-57EB-43E4-9EFB-4C3D28B4A1B5}.Debug|x86.Build.0 = Debug|Win32
		{E47DC81D-57EB-43E4-9EFB-4C3D28B4A1B5}.Release|x64.ActiveCfg = Release|x64
		{E47DC81D-57EB-43E4-9EFB-4C3D28B4A1B5}.Release|x64.Build.0 = Release|x64
		{E47DC81D-57EB-43E4-9EFB-4C3D28B4A1B5}.Release|x86.ActiveCfg = Release|Win32
		{E47DC81D-57EB-43E4-9EFB-4C3D28B4A1B5}.Release|x86.Build.0 = Release|Win32
		{390D92FC-CA50-4461-81F7-BBADD22E9CC2}.Debug|x64.ActiveCfg = Debug|x64
		{390D92FC-CA50-4461-81F7-BBADD22E9CC2}.Debug|x64.Build.0 = Debug|x64
		{390D92FC-CA50-4461-81F7-BBADD22E9CC2}.Debug|x86.ActiveCfg = Debug|Win32
		{390D92FC-CA50-4461-81F7-BBADD22E9CC2}.Debug|x86.Build.0 = Debug|Win32
		{390D92FC-CA50-4461-81F7-BBADD22E9CC2}.Release|x64.ActiveCfg = Release|x64
		{390D92FC-CA50-4461-81F7-BBADD22E9CC2}.Release|x64.Build.0 = Release|x64
		{390D92FC-CA50-4461-81F7-BBADD22E9CC2}.Release|x86.ActiveCfg = Release|Win32
		{390D92FC-CA50-4461-81F7-BBADD22E9CC2}.Release|x86.Build.0 = Release|Win32
		{27D88579-F3DF-4051-AD10-11784414D88B}.Debug|x64.ActiveCfg = Debug|x64
		{27D88579-F3DF-4051-AD10-11784414D88B}.Debug|x64.Build.0 = Debug|x64
		{27D88579-F3DF-4051-AD10-11784414D88B}.Debug|x86.ActiveCfg = Debug|Win32
		{27D88579-F3DF-4051-AD10-11784414D88B}.Debug|x86.Build.0 = Debug|Win32
		{27D88579-F3DF-4051-AD10-11784414D88B}.Release|x64.ActiveCfg = Release|x64
		{27D88579-F3DF-4051-AD10-11784414D88B}.Release|x64.Build.0 = Release|x64
		{27D88579-F3DF-4051-AD10-11784414D88B}.Release|x86.ActiveCfg = Release|Win32
		{27D88579-F3DF-4051-AD10-11784414D88B}.Release|x86.Build.0 = Release|Win32
		{7B17D150-2B18-44E7-8D09-E1DF3A834FD3}.Debug|x64.ActiveCfg = Debug|x64
		{7B17D150-2B18-44E7-8D09-E1DF3A834FD3}.Debug|x64.Build.0 = Debug|x64
		{7B17D150-2B18-44E7-8D09-E1DF3A834FD3}.Debug|x86.ActiveCfg = Debug|Win32
		{7B17D150-2B18-44E7-8D09-E1DF3A834FD3}.Debug|x86.Build.0 = Debug|Win32
		{7B17D150-2B18-44E7-8D09-E1DF3A834FD3}.Release|x64.ActiveCfg = Release|x64
		{7B17D150-2B18-44E7-8D09-E1DF3A834FD3}.Release|x64.Build.0 = Release|x64
		{7B17D150-2B18-44E7-8D09-E1DF3A834FD3}.Release|x86.ActiveCfg = Release|Win32
		{7B17D150-2B18-44E7-8D09-E1DF3A834FD3}.Release|x86.Build.0 = Release|Win32
		{2D13FA6B-9F01-4CCF-8512-A448A47E9B93}.Debug|x64.ActiveCfg = Debug|x64
		{2D13FA6B-9F01-4CCF-8512-A448A47E9B93}.Debug|x64.Build.0 = Debug|x64
		{2D13FA6B-9F01-4CCF-8512-A448A47E9B93}.Debug|x86.ActiveCfg = Debug|Win32
		{2D13FA6B-9F01-4CCF-8512-A448A47E9B93}.Debug|x86.Build.0 = Debug|Win32
		{2D13FA6B-9F01-4CCF-8512-A448A47E9B93}.Release|x64.ActiveCfg = Release|x64
		{2D13FA6B-9F01-4CCF-8512-A448A47E9B93}.Release|x64.Build.0 = Release|x64
		{2D13FA6B-9F01-4CCF-8512-A448A47E9B93}.Release|x86.ActiveCfg = Release|Win32
		{2D13FA6B-9F01-4CCF-8512-A448A47E9B93}.Release|x86.Build.0 = Release|Win32
		{B146E986-18AF-4047-BAAC-AADF58C1A2D6}.Debug|x64.ActiveCfg = Debug|x64
		{B146E986-18AF-4047-BAAC-AADF58C1A2D6}.Debug|x64.Build.0 = Debug|x64
		{B146E986-18AF-4047-BAAC-AADF58C1A2D6}.Debug|x86.ActiveCfg = Debug|Win32
		{B146E986-18AF-4047-BAAC-AADF58C1A2D6}.Debug|x86.Build.0 = Debug|Win32
		{B146E986-18AF-4047-BAAC-AADF58C1A2D6}.Release|x64.ActiveCfg = Release|x64
		{B146E986-18AF-4047-BAAC-AADF58C1A2D6}.Release|x64.Build.0 = Release|x64
		{B146E986-18AF-4047-BAAC-AADF58C1A2D6}.Release|x86.ActiveCfg = Release|Win32
		{B146E986-18AF-4047-BAAC-AADF58C1A2D6}.Release|x86.Build.0 = Release|Win32
	EndGlobalSection
	GlobalSection(SolutionProperties) = preSolution
		HideSolutionNode = FALSE
	EndGlobalSection
	GlobalSection(ExtensibilityGlobals) = postSolution
		SolutionGuid = {DC265220-1D30-48E5-ACD5-ED1A34041A3B}
	EndGlobalSection
EndGlobal
